// !$*UTF8*$!
{
	archiveVersion = 1;
	classes = {
	};
	objectVersion = 46;
	objects = {

/* Begin PBXBuildFile section */
		C20A09E81B4E05B900ABE497 /* main.m in Sources */ = {isa = PBXBuildFile; fileRef = C20A09E71B4E05B900ABE497 /* main.m */; };
		C20A09EB1B4E05B900ABE497 /* AppDelegate.m in Sources */ = {isa = PBXBuildFile; fileRef = C20A09EA1B4E05B900ABE497 /* AppDelegate.m */; };
		C20A09EE1B4E05B900ABE497 /* ViewController.m in Sources */ = {isa = PBXBuildFile; fileRef = C20A09ED1B4E05B900ABE497 /* ViewController.m */; };
		C20A09F11B4E05B900ABE497 /* Main.storyboard in Resources */ = {isa = PBXBuildFile; fileRef = C20A09EF1B4E05B900ABE497 /* Main.storyboard */; };
		C20A09F31B4E05B900ABE497 /* Images.xcassets in Resources */ = {isa = PBXBuildFile; fileRef = C20A09F21B4E05B900ABE497 /* Images.xcassets */; };
		C20A09F61B4E05B900ABE497 /* LaunchScreen.xib in Resources */ = {isa = PBXBuildFile; fileRef = C20A09F41B4E05B900ABE497 /* LaunchScreen.xib */; };
		C20A0A021B4E05B900ABE497 /* zzzzzTests.m in Sources */ = {isa = PBXBuildFile; fileRef = C20A0A011B4E05B900ABE497 /* zzzzzTests.m */; };
/* End PBXBuildFile section */

/* Begin PBXContainerItemProxy section */
		C20A09FC1B4E05B900ABE497 /* PBXContainerItemProxy */ = {
			isa = PBXContainerItemProxy;
			containerPortal = C20A09DA1B4E05B900ABE497 /* Project object */;
			proxyType = 1;
			remoteGlobalIDString = C20A09E11B4E05B900ABE497;
			remoteInfo = zzzzz;
		};
/* End PBXContainerItemProxy section */

/* Begin PBXFileReference section */
		C20A09E21B4E05B900ABE497 /* zzzzz.app */ = {isa = PBXFileReference; explicitFileType = wrapper.application; includeInIndex = 0; path = zzzzz.app; sourceTree = BUILT_PRODUCTS_DIR; };
		C20A09E61B4E05B900ABE497 /* Info.plist */ = {isa = PBXFileReference; lastKnownFileType = text.plist.xml; path = Info.plist; sourceTree = "<group>"; };
		C20A09E71B4E05B900ABE497 /* main.m */ = {isa = PBXFileReference; lastKnownFileType = sourcecode.c.objc; path = main.m; sourceTree = "<group>"; };
		C20A09E91B4E05B900ABE497 /* AppDelegate.h */ = {isa = PBXFileReference; lastKnownFileType = sourcecode.c.h; path = AppDelegate.h; sourceTree = "<group>"; };
		C20A09EA1B4E05B900ABE497 /* AppDelegate.m */ = {isa = PBXFileReference; lastKnownFileType = sourcecode.c.objc; path = AppDelegate.m; sourceTree = "<group>"; };
		C20A09EC1B4E05B900ABE497 /* ViewController.h */ = {isa = PBXFileReference; lastKnownFileType = sourcecode.c.h; path = ViewController.h; sourceTree = "<group>"; };
		C20A09ED1B4E05B900ABE497 /* ViewController.m */ = {isa = PBXFileReference; lastKnownFileType = sourcecode.c.objc; path = ViewController.m; sourceTree = "<group>"; };
		C20A09F01B4E05B900ABE497 /* Base */ = {isa = PBXFileReference; lastKnownFileType = file.storyboard; name = Base; path = Base.lproj/Main.storyboard; sourceTree = "<group>"; };
		C20A09F21B4E05B900ABE497 /* Images.xcassets */ = {isa = PBXFileReference; lastKnownFileType = folder.assetcatalog; path = Images.xcassets; sourceTree = "<group>"; };
		C20A09F51B4E05B900ABE497 /* Base */ = {isa = PBXFileReference; lastKnownFileType = file.xib; name = Base; path = Base.lproj/LaunchScreen.xib; sourceTree = "<group>"; };
		C20A09FB1B4E05B900ABE497 /* zzzzzTests.xctest */ = {isa = PBXFileReference; explicitFileType = wrapper.cfbundle; includeInIndex = 0; path = zzzzzTests.xctest; sourceTree = BUILT_PRODUCTS_DIR; };
		C20A0A001B4E05B900ABE497 /* Info.plist */ = {isa = PBXFileReference; lastKnownFileType = text.plist.xml; path = Info.plist; sourceTree = "<group>"; };
		C20A0A011B4E05B900ABE497 /* zzzzzTests.m */ = {isa = PBXFileReference; lastKnownFileType = sourcecode.c.objc; path = zzzzzTests.m; sourceTree = "<group>"; };
/* End PBXFileReference section */

/* Begin PBXFrameworksBuildPhase section */
		C20A09DF1B4E05B900ABE497 /* Frameworks */ = {
			isa = PBXFrameworksBuildPhase;
			buildActionMask = 2147483647;
			files = (
			);
			runOnlyForDeploymentPostprocessing = 0;
		};
		C20A09F81B4E05B900ABE497 /* Frameworks */ = {
			isa = PBXFrameworksBuildPhase;
			buildActionMask = 2147483647;
			files = (
			);
			runOnlyForDeploymentPostprocessing = 0;
		};
/* End PBXFrameworksBuildPhase section */

/* Begin PBXGroup section */
		C20A09D91B4E05B900ABE497 = {
			isa = PBXGroup;
			children = (
				C20A09E41B4E05B900ABE497 /* zzzzz */,
				C20A09FE1B4E05B900ABE497 /* zzzzzTests */,
				C20A09E31B4E05B900ABE497 /* Products */,
			);
			sourceTree = "<group>";
		};
		C20A09E31B4E05B900ABE497 /* Products */ = {
			isa = PBXGroup;
			children = (
				C20A09E21B4E05B900ABE497 /* zzzzz.app */,
				C20A09FB1B4E05B900ABE497 /* zzzzzTests.xctest */,
			);
			name = Products;
			sourceTree = "<group>";
		};
		C20A09E41B4E05B900ABE497 /* zzzzz */ = {
			isa = PBXGroup;
			children = (
				C20A09E91B4E05B900ABE497 /* AppDelegate.h */,
				C20A09EA1B4E05B900ABE497 /* AppDelegate.m */,
				C20A09EC1B4E05B900ABE497 /* ViewController.h */,
				C20A09ED1B4E05B900ABE497 /* ViewController.m */,
				C20A09EF1B4E05B900ABE497 /* Main.storyboard */,
				C20A09F21B4E05B900ABE497 /* Images.xcassets */,
				C20A09F41B4E05B900ABE497 /* LaunchScreen.xib */,
				C20A09E51B4E05B900ABE497 /* Supporting Files */,
			);
			path = zzzzz;
			sourceTree = "<group>";
		};
		C20A09E51B4E05B900ABE497 /* Supporting Files */ = {
			isa = PBXGroup;
			children = (
				C20A09E61B4E05B900ABE497 /* Info.plist */,
				C20A09E71B4E05B900ABE497 /* main.m */,
			);
			name = "Supporting Files";
			sourceTree = "<group>";
		};
		C20A09FE1B4E05B900ABE497 /* zzzzzTests */ = {
			isa = PBXGroup;
			children = (
				C20A0A011B4E05B900ABE497 /* zzzzzTests.m */,
				C20A09FF1B4E05B900ABE497 /* Supporting Files */,
			);
			path = zzzzzTests;
			sourceTree = "<group>";
		};
		C20A09FF1B4E05B900ABE497 /* Supporting Files */ = {
			isa = PBXGroup;
			children = (
				C20A0A001B4E05B900ABE497 /* Info.plist */,
			);
			name = "Supporting Files";
			sourceTree = "<group>";
		};
/* End PBXGroup section */

/* Begin PBXNativeTarget section */
		C20A09E11B4E05B900ABE497 /* zzzzz */ = {
			isa = PBXNativeTarget;
			buildConfigurationList = C20A0A051B4E05B900ABE497 /* Build configuration list for PBXNativeTarget "zzzzz" */;
			buildPhases = (
				C20A09DE1B4E05B900ABE497 /* Sources */,
				C20A09DF1B4E05B900ABE497 /* Frameworks */,
				C20A09E01B4E05B900ABE497 /* Resources */,
			);
			buildRules = (
			);
			dependencies = (
			);
			name = zzzzz;
			productName = zzzzz;
			productReference = C20A09E21B4E05B900ABE497 /* zzzzz.app */;
			productType = "com.apple.product-type.application";
		};
		C20A09FA1B4E05B900ABE497 /* zzzzzTests */ = {
			isa = PBXNativeTarget;
			buildConfigurationList = C20A0A081B4E05B900ABE497 /* Build configuration list for PBXNativeTarget "zzzzzTests" */;
			buildPhases = (
				C20A09F71B4E05B900ABE497 /* Sources */,
				C20A09F81B4E05B900ABE497 /* Frameworks */,
				C20A09F91B4E05B900ABE497 /* Resources */,
			);
			buildRules = (
			);
			dependencies = (
				C20A09FD1B4E05B900ABE497 /* PBXTargetDependency */,
			);
			name = zzzzzTests;
			productName = zzzzzTests;
			productReference = C20A09FB1B4E05B900ABE497 /* zzzzzTests.xctest */;
			productType = "com.apple.product-type.bundle.unit-test";
		};
/* End PBXNativeTarget section */

/* Begin PBXProject section */
		C20A09DA1B4E05B900ABE497 /* Project object */ = {
			isa = PBXProject;
			attributes = {
				LastUpgradeCheck = 0610;
				ORGANIZATIONNAME = zc;
				TargetAttributes = {
					C20A09E11B4E05B900ABE497 = {
						CreatedOnToolsVersion = 6.1;
					};
					C20A09FA1B4E05B900ABE497 = {
						CreatedOnToolsVersion = 6.1;
						TestTargetID = C20A09E11B4E05B900ABE497;
					};
				};
			};
			buildConfigurationList = C20A09DD1B4E05B900ABE497 /* Build configuration list for PBXProject "zzzzz" */;
			compatibilityVersion = "Xcode 3.2";
			developmentRegion = English;
			hasScannedForEncodings = 0;
			knownRegions = (
				en,
				Base,
			);
			mainGroup = C20A09D91B4E05B900ABE497;
			productRefGroup = C20A09E31B4E05B900ABE497 /* Products */;
			projectDirPath = "";
			projectRoot = "";
			targets = (
				C20A09E11B4E05B900ABE497 /* zzzzz */,
				C20A09FA1B4E05B900ABE497 /* zzzzzTests */,
			);
		};
/* End PBXProject section */

/* Begin PBXResourcesBuildPhase section */
		C20A09E01B4E05B900ABE497 /* Resources */ = {
			isa = PBXResourcesBuildPhase;
			buildActionMask = 2147483647;
			files = (
				C20A09F11B4E05B900ABE497 /* Main.storyboard in Resources */,
				C20A09F61B4E05B900ABE497 /* LaunchScreen.xib in Resources */,
				C20A09F31B4E05B900ABE497 /* Images.xcassets in Resources */,
			);
			runOnlyForDeploymentPostprocessing = 0;
		};
		C20A09F91B4E05B900ABE497 /* Resources */ = {
			isa = PBXResourcesBuildPhase;
			buildActionMask = 2147483647;
			files = (
			);
			runOnlyForDeploymentPostprocessing = 0;
		};
/* End PBXResourcesBuildPhase section */

/* Begin PBXSourcesBuildPhase section */
		C20A09DE1B4E05B900ABE497 /* Sources */ = {
			isa = PBXSourcesBuildPhase;
			buildActionMask = 2147483647;
			files = (
				C20A09EE1B4E05B900ABE497 /* ViewController.m in Sources */,
				C20A09EB1B4E05B900ABE497 /* AppDelegate.m in Sources */,
				C20A09E81B4E05B900ABE497 /* main.m in Sources */,
			);
			runOnlyForDeploymentPostprocessing = 0;
		};
		C20A09F71B4E05B900ABE497 /* Sources */ = {
			isa = PBXSourcesBuildPhase;
			buildActionMask = 2147483647;
			files = (
				C20A0A021B4E05B900ABE497 /* zzzzzTests.m in Sources */,
			);
			runOnlyForDeploymentPostprocessing = 0;
		};
/* End PBXSourcesBuildPhase section */

/* Begin PBXTargetDependency section */
		C20A09FD1B4E05B900ABE497 /* PBXTargetDependency */ = {
			isa = PBXTargetDependency;
			target = C20A09E11B4E05B900ABE497 /* zzzzz */;
			targetProxy = C20A09FC1B4E05B900ABE497 /* PBXContainerItemProxy */;
		};
/* End PBXTargetDependency section */

/* Begin PBXVariantGroup section */
		C20A09EF1B4E05B900ABE497 /* Main.storyboard */ = {
			isa = PBXVariantGroup;
			children = (
				C20A09F01B4E05B900ABE497 /* Base */,
			);
			name = Main.storyboard;
			sourceTree = "<group>";
		};
		C20A09F41B4E05B900ABE497 /* LaunchScreen.xib */ = {
			isa = PBXVariantGroup;
			children = (
				C20A09F51B4E05B900ABE497 /* Base */,
			);
			name = LaunchScreen.xib;
			sourceTree = "<group>";
		};
/* End PBXVariantGroup section */

/* Begin XCBuildConfiguration section */
		C20A0A031B4E05B900ABE497 /* Debug */ = {
			isa = XCBuildConfiguration;
			buildSettings = {
				ALWAYS_SEARCH_USER_PATHS = NO;
				CLANG_CXX_LANGUAGE_STANDARD = "gnu++0x";
				CLANG_CXX_LIBRARY = "libc++";
				CLANG_ENABLE_MODULES = YES;
				CLANG_ENABLE_OBJC_ARC = YES;
				CLANG_WARN_BOOL_CONVERSION = YES;
				CLANG_WARN_CONSTANT_CONVERSION = YES;
				CLANG_WARN_DIRECT_OBJC_ISA_USAGE = YES_ERROR;
				CLANG_WARN_EMPTY_BODY = YES;
				CLANG_WARN_ENUM_CONVERSION = YES;
				CLANG_WARN_INT_CONVERSION = YES;
				CLANG_WARN_OBJC_ROOT_CLASS = YES_ERROR;
				CLANG_WARN_UNREACHABLE_CODE = YES;
				CLANG_WARN__DUPLICATE_METHOD_MATCH = YES;
				"CODE_SIGN_IDENTITY[sdk=iphoneos*]" = "iPhone Developer";
				COPY_PHASE_STRIP = NO;
				ENABLE_STRICT_OBJC_MSGSEND = YES;
				GCC_C_LANGUAGE_STANDARD = gnu99;
				GCC_DYNAMIC_NO_PIC = NO;
				GCC_OPTIMIZATION_LEVEL = 0;
				GCC_PREPROCESSOR_DEFINITIONS = (
					"DEBUG=1",
					"$(inherited)",
				);
				GCC_SYMBOLS_PRIVATE_EXTERN = NO;
				GCC_WARN_64_TO_32_BIT_CONVERSION = YES;
				GCC_WARN_ABOUT_RETURN_TYPE = YES_ERROR;
				GCC_WARN_UNDECLARED_SELECTOR = YES;
				GCC_WARN_UNINITIALIZED_AUTOS = YES_AGGRESSIVE;
				GCC_WARN_UNUSED_FUNCTION = YES;
				GCC_WARN_UNUSED_VARIABLE = YES;
				IPHONEOS_DEPLOYMENT_TARGET = 8.1;
				MTL_ENABLE_DEBUG_INFO = YES;
				ONLY_ACTIVE_ARCH = YES;
				SDKROOT = iphoneos;
				TARGETED_DEVICE_FAMILY = "1,2";
			};
			name = Debug;
		};
		C20A0A041B4E05B900ABE497 /* Release */ = {
			isa = XCBuildConfiguration;
			buildSettings = {
				ALWAYS_SEARCH_USER_PATHS = NO;
				CLANG_CXX_LANGUAGE_STANDARD = "gnu++0x";
				CLANG_CXX_LIBRARY = "libc++";
				CLANG_ENABLE_MODULES = YES;
				CLANG_ENABLE_OBJC_ARC = YES;
				CLANG_WARN_BOOL_CONVERSION = YES;
				CLANG_WARN_CONSTANT_CONVERSION = YES;
				CLANG_WARN_DIRECT_OBJC_ISA_USAGE = YES_ERROR;
				CLANG_WARN_EMPTY_BODY = YES;
				CLANG_WARN_ENUM_CONVERSION = YES;
				CLANG_WARN_INT_CONVERSION = YES;
				CLANG_WARN_OBJC_ROOT_CLASS = YES_ERROR;
				CLANG_WARN_UNREACHABLE_CODE = YES;
				CLANG_WARN__DUPLICATE_METHOD_MATCH = YES;
				"CODE_SIGN_IDENTITY[sdk=iphoneos*]" = "iPhone Developer";
				COPY_PHASE_STRIP = YES;
				ENABLE_NS_ASSERTIONS = NO;
				ENABLE_STRICT_OBJC_MSGSEND = YES;
				GCC_C_LANGUAGE_STANDARD = gnu99;
				GCC_WARN_64_TO_32_BIT_CONVERSION = YES;
				GCC_WARN_ABOUT_RETURN_TYPE = YES_ERROR;
				GCC_WARN_UNDECLARED_SELECTOR = YES;
				GCC_WARN_UNINITIALIZED_AUTOS = YES_AGGRESSIVE;
				GCC_WARN_UNUSED_FUNCTION = YES;
				GCC_WARN_UNUSED_VARIABLE = YES;
				IPHONEOS_DEPLOYMENT_TARGET = 8.1;
				MTL_ENABLE_DEBUG_INFO = NO;
				SDKROOT = iphoneos;
				TARGETED_DEVICE_FAMILY = "1,2";
				VALIDATE_PRODUCT = YES;
			};
			name = Release;
		};
		C20A0A061B4E05B900ABE497 /* Debug */ = {
			isa = XCBuildConfiguration;
			buildSettings = {
				ASSETCATALOG_COMPILER_APPICON_NAME = AppIcon;
				INFOPLIST_FILE = zzzzz/Info.plist;
				LD_RUNPATH_SEARCH_PATHS = "$(inherited) @executable_path/Frameworks";
				PRODUCT_NAME = "$(TARGET_NAME)";
			};
			name = Debug;
		};
		C20A0A071B4E05B900ABE497 /* Release */ = {
			isa = XCBuildConfiguration;
			buildSettings = {
				ASSETCATALOG_COMPILER_APPICON_NAME = AppIcon;
				INFOPLIST_FILE = zzzzz/Info.plist;
				LD_RUNPATH_SEARCH_PATHS = "$(inherited) @executable_path/Frameworks";
				PRODUCT_NAME = "$(TARGET_NAME)";
			};
			name = Release;
		};
		C20A0A091B4E05B900ABE497 /* Debug */ = {
			isa = XCBuildConfiguration;
			buildSettings = {
				BUNDLE_LOADER = "$(TEST_HOST)";
				FRAMEWORK_SEARCH_PATHS = (
					"$(SDKROOT)/Developer/Library/Frameworks",
					"$(inherited)",
				);
				GCC_PREPROCESSOR_DEFINITIONS = (
					"DEBUG=1",
					"$(inherited)",
				);
				INFOPLIST_FILE = zzzzzTests/Info.plist;
				LD_RUNPATH_SEARCH_PATHS = "$(inherited) @executable_path/Frameworks @loader_path/Frameworks";
				PRODUCT_NAME = "$(TARGET_NAME)";
				TEST_HOST = "$(BUILT_PRODUCTS_DIR)/zzzzz.app/zzzzz";
			};
			name = Debug;
		};
		C20A0A0A1B4E05B900ABE497 /* Release */ = {
			isa = XCBuildConfiguration;
			buildSettings = {
				BUNDLE_LOADER = "$(TEST_HOST)";
				FRAMEWORK_SEARCH_PATHS = (
					"$(SDKROOT)/Developer/Library/Frameworks",
					"$(inherited)",
				);
				INFOPLIST_FILE = zzzzzTests/Info.plist;
				LD_RUNPATH_SEARCH_PATHS = "$(inherited) @executable_path/Frameworks @loader_path/Frameworks";
				PRODUCT_NAME = "$(TARGET_NAME)";
				TEST_HOST = "$(BUILT_PRODUCTS_DIR)/zzzzz.app/zzzzz";
			};
			name = Release;
		};
/* End XCBuildConfiguration section */

/* Begin XCConfigurationList section */
		C20A09DD1B4E05B900ABE497 /* Build configuration list for PBXProject "zzzzz" */ = {
			isa = XCConfigurationList;
			buildConfigurations = (
				C20A0A031B4E05B900ABE497 /* Debug */,
				C20A0A041B4E05B900ABE497 /* Release */,
			);
			defaultConfigurationIsVisible = 0;
			defaultConfigurationName = Release;
		};
		C20A0A051B4E05B900ABE497 /* Build configuration list for PBXNativeTarget "zzzzz" */ = {
			isa = XCConfigurationList;
			buildConfigurations = (
				C20A0A061B4E05B900ABE497 /* Debug */,
				C20A0A071B4E05B900ABE497 /* Release */,
			);
			defaultConfigurationIsVisible = 0;
		};
		C20A0A081B4E05B900ABE497 /* Build configuration list for PBXNativeTarget "zzzzzTests" */ = {
			isa = XCConfigurationList;
			buildConfigurations = (
				C20A0A091B4E05B900ABE497 /* Debug */,
				C20A0A0A1B4E05B900ABE497 /* Release */,
			);
			defaultConfigurationIsVisible = 0;
		};
/* End XCConfigurationList section */
	};
	rootObject = C20A09DA1B4E05B900ABE497 /* Project object */;
}
